
Microsoft Visual Studio Solution File, Format Version 12.00
# Visual Studio Version 17
VisualStudioVersion = 17.14.36401.2
MinimumVisualStudioVersion = 10.0.40219.1
Project("{FAE04EC0-301F-11D3-BF4B-00C04F79EFBC}") = "ExpenseTracker", "src\ExpenseTracker\ExpenseTracker.csproj", "{EF12D631-1681-5BA0-9C6F-B5F1FCB5D47F}"
EndProject
Global
	GlobalSection(SolutionConfigurationPlatforms) = preSolution
		Debug|Any CPU = Debug|Any CPU
		Release|Any CPU = Release|Any CPU
	EndGlobalSection
	GlobalSection(ProjectConfigurationPlatforms) = postSolution
		{EF12D631-1681-5BA0-9C6F-B5F1FCB5D47F}.Debug|Any CPU.ActiveCfg = Debug|Any CPU
		{EF12D631-1681-5BA0-9C6F-B5F1FCB5D47F}.Debug|Any CPU.Build.0 = Debug|Any CPU
		{EF12D631-1681-5BA0-9C6F-B5F1FCB5D47F}.Release|Any CPU.ActiveCfg = Release|Any CPU
		{EF12D631-1681-5BA0-9C6F-B5F1FCB5D47F}.Release|Any CPU.Build.0 = Release|Any CPU
	EndGlobalSection
	GlobalSection(SolutionProperties) = preSolution
		HideSolutionNode = FALSE
	EndGlobalSection
	GlobalSection(ExtensibilityGlobals) = postSolution
		SolutionGuid = {0572F5FB-9E1A-4D06-99ED-BFF2A7065DC8}
	EndGlobalSection
EndGlobal
