
Microsoft Visual Studio Solution File, Format Version 12.00
# Visual Studio Version 17
VisualStudioVersion = 17.14.36401.2 d17.14
MinimumVisualStudioVersion = 10.0.40219.1
Project("{FAE04EC0-301F-11D3-BF4B-00C04F79EFBC}") = "ExpenseTracker", "ExpenseTracker\ExpenseTracker.csproj", "{273195E5-AF94-4AA9-84B8-38240A2F78D8}"
EndProject
Global
	GlobalSection(SolutionConfigurationPlatforms) = preSolution
		Debug|Any CPU = Debug|Any CPU
		Release|Any CPU = Release|Any CPU
	EndGlobalSection
	GlobalSection(ProjectConfigurationPlatforms) = postSolution
		{273195E5-AF94-4AA9-84B8-38240A2F78D8}.Debug|Any CPU.ActiveCfg = Debug|Any CPU
		{273195E5-AF94-4AA9-84B8-38240A2F78D8}.Debug|Any CPU.Build.0 = Debug|Any CPU
		{273195E5-AF94-4AA9-84B8-38240A2F78D8}.Release|Any CPU.ActiveCfg = Release|Any CPU
		{273195E5-AF94-4AA9-84B8-38240A2F78D8}.Release|Any CPU.Build.0 = Release|Any CPU
	EndGlobalSection
	GlobalSection(SolutionProperties) = preSolution
		HideSolutionNode = FALSE
	EndGlobalSection
	GlobalSection(ExtensibilityGlobals) = postSolution
		SolutionGuid = {0572F5FB-9E1A-4D06-99ED-BFF2A7065DC8}
	EndGlobalSection
EndGlobal
